
Microsoft Visual Studio Solution File, Format Version 12.00
# Visual Studio Version 17
VisualStudioVersion = 17.11.35222.181
MinimumVisualStudioVersion = 10.0.40219.1
Project("{FAE04EC0-301F-11D3-BF4B-00C04F79EFBC}") = "MVCDBFirstExample", "MVCDBFirstExample\MVCDBFirstExample.csproj", "{CC171B1C-B46A-4974-8920-823865AE589E}"
EndProject
Global
	GlobalSection(SolutionConfigurationPlatforms) = preSolution
		Debug|Any CPU = Debug|Any CPU
		Release|Any CPU = Release|Any CPU
	EndGlobalSection
	GlobalSection(ProjectConfigurationPlatforms) = postSolution
		{CC171B1C-B46A-4974-8920-823865AE589E}.Debug|Any CPU.ActiveCfg = Debug|Any CPU
		{CC171B1C-B46A-4974-8920-823865AE589E}.Debug|Any CPU.Build.0 = Debug|Any CPU
		{CC171B1C-B46A-4974-8920-823865AE589E}.Release|Any CPU.ActiveCfg = Release|Any CPU
		{CC171B1C-B46A-4974-8920-823865AE589E}.Release|Any CPU.Build.0 = Release|Any CPU
	EndGlobalSection
	GlobalSection(SolutionProperties) = preSolution
		HideSolutionNode = FALSE
	EndGlobalSection
	GlobalSection(ExtensibilityGlobals) = postSolution
		SolutionGuid = {57616E85-1562-49A3-9320-140FB1FE694F}
	EndGlobalSection
EndGlobal
